
Microsoft Visual Studio Solution File, Format Version 12.00
# Visual Studio Version 16
VisualStudioVersion = 16.0.30503.244
MinimumVisualStudioVersion = 10.0.40219.1
Project("{2150E333-8FDC-42A3-9474-1A3956D46DE8}") = "DAL", "DAL", "{92843AE2-F30C-49E8-B819-E3DB15FD475D}"
EndProject
Project("{2150E333-8FDC-42A3-9474-1A3956D46DE8}") = "BLL", "BLL", "{6FABFEA6-32BF-435A-85D9-74AC16F195AB}"
EndProject
Project("{2150E333-8FDC-42A3-9474-1A3956D46DE8}") = "PL", "PL", "{BA136D0E-ABF5-47A5-AB30-6920E295F626}"
EndProject
Project("{2150E333-8FDC-42A3-9474-1A3956D46DE8}") = "Common", "Common", "{C4B01142-FA96-4FF1-AE4B-60679346CBED}"
EndProject
Project("{FAE04EC0-301F-11D3-BF4B-00C04F79EFBC}") = "Epam.Interfaces.BLL", "BLL\Epam.Interfaces.BLL\Epam.Interfaces.BLL.csproj", "{AE3A7483-185B-42BD-BF80-8457EDDC59FF}"
EndProject
Project("{FAE04EC0-301F-11D3-BF4B-00C04F79EFBC}") = "Epam.Logic.BLL", "BLL\Epam.Logic.BLL\Epam.Logic.BLL.csproj", "{F39D8B5F-52AC-4CB5-986D-94EBEDAE7BB1}"
EndProject
Project("{FAE04EC0-301F-11D3-BF4B-00C04F79EFBC}") = "Epam.DependencyResolver", "COMMON\dependencyResolver\Epam.DependencyResolver.csproj", "{00FF0197-E40E-493F-87D7-29BB99E5298F}"
EndProject
Project("{FAE04EC0-301F-11D3-BF4B-00C04F79EFBC}") = "Epam.CommonEntities", "COMMON\Epam.CommonEntities\Epam.CommonEntities.csproj", "{A188B8E4-6C61-4CB2-BED1-BFA452200FDE}"
EndProject
Project("{FAE04EC0-301F-11D3-BF4B-00C04F79EFBC}") = "Epam.Interfaces.DAL", "DAL\Epam.Interfaces.DAL\Epam.Interfaces.DAL.csproj", "{7A7C880F-DD06-4115-9584-6CF9741EB596}"
EndProject
Project("{FAE04EC0-301F-11D3-BF4B-00C04F79EFBC}") = "Epam.Logic.DAL", "DAL\Epam.Logic.DAL\Epam.Logic.DAL.csproj", "{1CE9CF44-9F49-4F02-AF40-E6792BB0BC8D}"
EndProject
Project("{FAE04EC0-301F-11D3-BF4B-00C04F79EFBC}") = "Epam.ASPNet.PL", "PL\Epam.ASPNet.PL\Epam.ASPNet.PL.csproj", "{8ECF4CAC-8D95-41BD-B96B-B9D165F22F98}"
EndProject
Global
	GlobalSection(SolutionConfigurationPlatforms) = preSolution
		Debug|Any CPU = Debug|Any CPU
		Release|Any CPU = Release|Any CPU
	EndGlobalSection
	GlobalSection(ProjectConfigurationPlatforms) = postSolution
		{AE3A7483-185B-42BD-BF80-8457EDDC59FF}.Debug|Any CPU.ActiveCfg = Debug|Any CPU
		{AE3A7483-185B-42BD-BF80-8457EDDC59FF}.Debug|Any CPU.Build.0 = Debug|Any CPU
		{AE3A7483-185B-42BD-BF80-8457EDDC59FF}.Release|Any CPU.ActiveCfg = Release|Any CPU
		{AE3A7483-185B-42BD-BF80-8457EDDC59FF}.Release|Any CPU.Build.0 = Release|Any CPU
		{F39D8B5F-52AC-4CB5-986D-94EBEDAE7BB1}.Debug|Any CPU.ActiveCfg = Debug|Any CPU
		{F39D8B5F-52AC-4CB5-986D-94EBEDAE7BB1}.Debug|Any CPU.Build.0 = Debug|Any CPU
		{F39D8B5F-52AC-4CB5-986D-94EBEDAE7BB1}.Release|Any CPU.ActiveCfg = Release|Any CPU
		{F39D8B5F-52AC-4CB5-986D-94EBEDAE7BB1}.Release|Any CPU.Build.0 = Release|Any CPU
		{00FF0197-E40E-493F-87D7-29BB99E5298F}.Debug|Any CPU.ActiveCfg = Debug|Any CPU
		{00FF0197-E40E-493F-87D7-29BB99E5298F}.Debug|Any CPU.Build.0 = Debug|Any CPU
		{00FF0197-E40E-493F-87D7-29BB99E5298F}.Release|Any CPU.ActiveCfg = Release|Any CPU
		{00FF0197-E40E-493F-87D7-29BB99E5298F}.Release|Any CPU.Build.0 = Release|Any CPU
		{A188B8E4-6C61-4CB2-BED1-BFA452200FDE}.Debug|Any CPU.ActiveCfg = Debug|Any CPU
		{A188B8E4-6C61-4CB2-BED1-BFA452200FDE}.Debug|Any CPU.Build.0 = Debug|Any CPU
		{A188B8E4-6C61-4CB2-BED1-BFA452200FDE}.Release|Any CPU.ActiveCfg = Release|Any CPU
		{A188B8E4-6C61-4CB2-BED1-BFA452200FDE}.Release|Any CPU.Build.0 = Release|Any CPU
		{7A7C880F-DD06-4115-9584-6CF9741EB596}.Debug|Any CPU.ActiveCfg = Debug|Any CPU
		{7A7C880F-DD06-4115-9584-6CF9741EB596}.Debug|Any CPU.Build.0 = Debug|Any CPU
		{7A7C880F-DD06-4115-9584-6CF9741EB596}.Release|Any CPU.ActiveCfg = Release|Any CPU
		{7A7C880F-DD06-4115-9584-6CF9741EB596}.Release|Any CPU.Build.0 = Release|Any CPU
		{1CE9CF44-9F49-4F02-AF40-E6792BB0BC8D}.Debug|Any CPU.ActiveCfg = Debug|Any CPU
		{1CE9CF44-9F49-4F02-AF40-E6792BB0BC8D}.Debug|Any CPU.Build.0 = Debug|Any CPU
		{1CE9CF44-9F49-4F02-AF40-E6792BB0BC8D}.Release|Any CPU.ActiveCfg = Release|Any CPU
		{1CE9CF44-9F49-4F02-AF40-E6792BB0BC8D}.Release|Any CPU.Build.0 = Release|Any CPU
		{8ECF4CAC-8D95-41BD-B96B-B9D165F22F98}.Debug|Any CPU.ActiveCfg = Debug|Any CPU
		{8ECF4CAC-8D95-41BD-B96B-B9D165F22F98}.Debug|Any CPU.Build.0 = Debug|Any CPU
		{8ECF4CAC-8D95-41BD-B96B-B9D165F22F98}.Release|Any CPU.ActiveCfg = Release|Any CPU
		{8ECF4CAC-8D95-41BD-B96B-B9D165F22F98}.Release|Any CPU.Build.0 = Release|Any CPU
	EndGlobalSection
	GlobalSection(SolutionProperties) = preSolution
		HideSolutionNode = FALSE
	EndGlobalSection
	GlobalSection(NestedProjects) = preSolution
		{AE3A7483-185B-42BD-BF80-8457EDDC59FF} = {6FABFEA6-32BF-435A-85D9-74AC16F195AB}
		{F39D8B5F-52AC-4CB5-986D-94EBEDAE7BB1} = {6FABFEA6-32BF-435A-85D9-74AC16F195AB}
		{00FF0197-E40E-493F-87D7-29BB99E5298F} = {C4B01142-FA96-4FF1-AE4B-60679346CBED}
		{A188B8E4-6C61-4CB2-BED1-BFA452200FDE} = {C4B01142-FA96-4FF1-AE4B-60679346CBED}
		{7A7C880F-DD06-4115-9584-6CF9741EB596} = {92843AE2-F30C-49E8-B819-E3DB15FD475D}
		{1CE9CF44-9F49-4F02-AF40-E6792BB0BC8D} = {92843AE2-F30C-49E8-B819-E3DB15FD475D}
		{8ECF4CAC-8D95-41BD-B96B-B9D165F22F98} = {BA136D0E-ABF5-47A5-AB30-6920E295F626}
	EndGlobalSection
	GlobalSection(ExtensibilityGlobals) = postSolution
		SolutionGuid = {9C25DCDD-0828-4D6A-8535-5EEA6E497F1D}
	EndGlobalSection
EndGlobal
