
Microsoft Visual Studio Solution File, Format Version 12.00
# Visual Studio Version 16
VisualStudioVersion = 16.0.30104.148
MinimumVisualStudioVersion = 10.0.40219.1
Project("{FAE04EC0-301F-11D3-BF4B-00C04F79EFBC}") = "EpamTestTasks", "EpamTestTasks.csproj", "{271CF347-46CC-4151-BBF4-89E0FF17E35C}"
EndProject
Project("{FAE04EC0-301F-11D3-BF4B-00C04F79EFBC}") = "1.1.1_Rectangle", "..\1.1.1_Rectangle\1.1.1_Rectangle.csproj", "{B73FF999-ED0A-4976-95F3-94393F749D2D}"
EndProject
Project("{FAE04EC0-301F-11D3-BF4B-00C04F79EFBC}") = "1.1.2_Triangle", "..\1.1.2_Triangle\1.1.2_Triangle.csproj", "{23065F83-74F1-4A23-9259-1EB86A48803D}"
EndProject
Project("{FAE04EC0-301F-11D3-BF4B-00C04F79EFBC}") = "1.1.3_AnotherTriangle", "..\1.1.3_AnotherTriangle\1.1.3_AnotherTriangle.csproj", "{8C4FD48B-E3E2-4C62-8AE5-77EBED669B30}"
EndProject
Global
	GlobalSection(SolutionConfigurationPlatforms) = preSolution
		Debug|Any CPU = Debug|Any CPU
		Release|Any CPU = Release|Any CPU
	EndGlobalSection
	GlobalSection(ProjectConfigurationPlatforms) = postSolution
		{271CF347-46CC-4151-BBF4-89E0FF17E35C}.Debug|Any CPU.ActiveCfg = Debug|Any CPU
		{271CF347-46CC-4151-BBF4-89E0FF17E35C}.Debug|Any CPU.Build.0 = Debug|Any CPU
		{271CF347-46CC-4151-BBF4-89E0FF17E35C}.Release|Any CPU.ActiveCfg = Release|Any CPU
		{271CF347-46CC-4151-BBF4-89E0FF17E35C}.Release|Any CPU.Build.0 = Release|Any CPU
		{B73FF999-ED0A-4976-95F3-94393F749D2D}.Debug|Any CPU.ActiveCfg = Debug|Any CPU
		{B73FF999-ED0A-4976-95F3-94393F749D2D}.Debug|Any CPU.Build.0 = Debug|Any CPU
		{B73FF999-ED0A-4976-95F3-94393F749D2D}.Release|Any CPU.ActiveCfg = Release|Any CPU
		{B73FF999-ED0A-4976-95F3-94393F749D2D}.Release|Any CPU.Build.0 = Release|Any CPU
		{23065F83-74F1-4A23-9259-1EB86A48803D}.Debug|Any CPU.ActiveCfg = Debug|Any CPU
		{23065F83-74F1-4A23-9259-1EB86A48803D}.Debug|Any CPU.Build.0 = Debug|Any CPU
		{23065F83-74F1-4A23-9259-1EB86A48803D}.Release|Any CPU.ActiveCfg = Release|Any CPU
		{23065F83-74F1-4A23-9259-1EB86A48803D}.Release|Any CPU.Build.0 = Release|Any CPU
		{8C4FD48B-E3E2-4C62-8AE5-77EBED669B30}.Debug|Any CPU.ActiveCfg = Debug|Any CPU
		{8C4FD48B-E3E2-4C62-8AE5-77EBED669B30}.Debug|Any CPU.Build.0 = Debug|Any CPU
		{8C4FD48B-E3E2-4C62-8AE5-77EBED669B30}.Release|Any CPU.ActiveCfg = Release|Any CPU
		{8C4FD48B-E3E2-4C62-8AE5-77EBED669B30}.Release|Any CPU.Build.0 = Release|Any CPU
	EndGlobalSection
	GlobalSection(SolutionProperties) = preSolution
		HideSolutionNode = FALSE
	EndGlobalSection
	GlobalSection(ExtensibilityGlobals) = postSolution
		SolutionGuid = {5018EAF5-9C6E-42D0-A74D-FFCFC30F7212}
	EndGlobalSection
EndGlobal
