
Microsoft Visual Studio Solution File, Format Version 12.00
# Visual Studio Version 16
VisualStudioVersion = 16.0.30406.217
MinimumVisualStudioVersion = 10.0.40219.1
Project("{2150E333-8FDC-42A3-9474-1A3956D46DE8}") = "PL", "PL", "{38511200-CF6B-47CA-B5BB-A06F27869A3F}"
EndProject
Project("{2150E333-8FDC-42A3-9474-1A3956D46DE8}") = "BLL", "BLL", "{4ECC5C7F-4710-49AB-8597-646B9A80569B}"
EndProject
Project("{2150E333-8FDC-42A3-9474-1A3956D46DE8}") = "DAL", "DAL", "{2664C9ED-83A7-4B68-8AD3-9A0D8B7F8E06}"
EndProject
Project("{2150E333-8FDC-42A3-9474-1A3956D46DE8}") = "Common", "Common", "{7723FFB0-3687-4086-BF7E-A3E598226735}"
EndProject
Project("{FAE04EC0-301F-11D3-BF4B-00C04F79EFBC}") = "DependencyResolver", "Entities\DependencyResolver\DependencyResolver.csproj", "{8C603715-4915-4BCA-90BD-A0EEA12EB8BA}"
EndProject
Project("{FAE04EC0-301F-11D3-BF4B-00C04F79EFBC}") = "BLL.Core", "BLL\BLL.Core\BLL.Core.csproj", "{B8CF37A6-8D6E-4BCE-9BF2-E6CE489A5B7D}"
EndProject
Project("{FAE04EC0-301F-11D3-BF4B-00C04F79EFBC}") = "BLL.Interfaces", "BLL\BLL.Interface\BLL.Interfaces.csproj", "{BB54C252-0A86-433D-A600-04E14E8AA58F}"
EndProject
Project("{FAE04EC0-301F-11D3-BF4B-00C04F79EFBC}") = "Entities", "Entities\Entities\Entities.csproj", "{0830BD18-A294-49CB-A2DD-2D535B34DCDB}"
EndProject
Project("{FAE04EC0-301F-11D3-BF4B-00C04F79EFBC}") = "DAL.Interface", "DAL\DAL.Interface\DAL.Interface.csproj", "{3807289A-A2F7-4921-B22F-25C6D50D84C0}"
EndProject
Project("{FAE04EC0-301F-11D3-BF4B-00C04F79EFBC}") = "DAL.database", "DAL\DAL.JSON\DAL.database.csproj", "{AAADE26A-980F-4A98-B361-4D58FF4B6BC9}"
EndProject
Project("{FAE04EC0-301F-11D3-BF4B-00C04F79EFBC}") = "PL.Webpages", "PL\PL.Webpages\PL.Webpages.csproj", "{AF1C67E6-1DC9-4D15-967F-E339B38793D2}"
EndProject
Global
	GlobalSection(SolutionConfigurationPlatforms) = preSolution
		Debug|Any CPU = Debug|Any CPU
		Release|Any CPU = Release|Any CPU
	EndGlobalSection
	GlobalSection(ProjectConfigurationPlatforms) = postSolution
		{8C603715-4915-4BCA-90BD-A0EEA12EB8BA}.Debug|Any CPU.ActiveCfg = Debug|Any CPU
		{8C603715-4915-4BCA-90BD-A0EEA12EB8BA}.Debug|Any CPU.Build.0 = Debug|Any CPU
		{8C603715-4915-4BCA-90BD-A0EEA12EB8BA}.Release|Any CPU.ActiveCfg = Release|Any CPU
		{8C603715-4915-4BCA-90BD-A0EEA12EB8BA}.Release|Any CPU.Build.0 = Release|Any CPU
		{B8CF37A6-8D6E-4BCE-9BF2-E6CE489A5B7D}.Debug|Any CPU.ActiveCfg = Debug|Any CPU
		{B8CF37A6-8D6E-4BCE-9BF2-E6CE489A5B7D}.Debug|Any CPU.Build.0 = Debug|Any CPU
		{B8CF37A6-8D6E-4BCE-9BF2-E6CE489A5B7D}.Release|Any CPU.ActiveCfg = Release|Any CPU
		{B8CF37A6-8D6E-4BCE-9BF2-E6CE489A5B7D}.Release|Any CPU.Build.0 = Release|Any CPU
		{BB54C252-0A86-433D-A600-04E14E8AA58F}.Debug|Any CPU.ActiveCfg = Debug|Any CPU
		{BB54C252-0A86-433D-A600-04E14E8AA58F}.Debug|Any CPU.Build.0 = Debug|Any CPU
		{BB54C252-0A86-433D-A600-04E14E8AA58F}.Release|Any CPU.ActiveCfg = Release|Any CPU
		{BB54C252-0A86-433D-A600-04E14E8AA58F}.Release|Any CPU.Build.0 = Release|Any CPU
		{0830BD18-A294-49CB-A2DD-2D535B34DCDB}.Debug|Any CPU.ActiveCfg = Debug|Any CPU
		{0830BD18-A294-49CB-A2DD-2D535B34DCDB}.Debug|Any CPU.Build.0 = Debug|Any CPU
		{0830BD18-A294-49CB-A2DD-2D535B34DCDB}.Release|Any CPU.ActiveCfg = Release|Any CPU
		{0830BD18-A294-49CB-A2DD-2D535B34DCDB}.Release|Any CPU.Build.0 = Release|Any CPU
		{3807289A-A2F7-4921-B22F-25C6D50D84C0}.Debug|Any CPU.ActiveCfg = Debug|Any CPU
		{3807289A-A2F7-4921-B22F-25C6D50D84C0}.Debug|Any CPU.Build.0 = Debug|Any CPU
		{3807289A-A2F7-4921-B22F-25C6D50D84C0}.Release|Any CPU.ActiveCfg = Release|Any CPU
		{3807289A-A2F7-4921-B22F-25C6D50D84C0}.Release|Any CPU.Build.0 = Release|Any CPU
		{AAADE26A-980F-4A98-B361-4D58FF4B6BC9}.Debug|Any CPU.ActiveCfg = Debug|Any CPU
		{AAADE26A-980F-4A98-B361-4D58FF4B6BC9}.Debug|Any CPU.Build.0 = Debug|Any CPU
		{AAADE26A-980F-4A98-B361-4D58FF4B6BC9}.Release|Any CPU.ActiveCfg = Release|Any CPU
		{AAADE26A-980F-4A98-B361-4D58FF4B6BC9}.Release|Any CPU.Build.0 = Release|Any CPU
		{AF1C67E6-1DC9-4D15-967F-E339B38793D2}.Debug|Any CPU.ActiveCfg = Debug|Any CPU
		{AF1C67E6-1DC9-4D15-967F-E339B38793D2}.Debug|Any CPU.Build.0 = Debug|Any CPU
		{AF1C67E6-1DC9-4D15-967F-E339B38793D2}.Release|Any CPU.ActiveCfg = Release|Any CPU
		{AF1C67E6-1DC9-4D15-967F-E339B38793D2}.Release|Any CPU.Build.0 = Release|Any CPU
	EndGlobalSection
	GlobalSection(SolutionProperties) = preSolution
		HideSolutionNode = FALSE
	EndGlobalSection
	GlobalSection(NestedProjects) = preSolution
		{8C603715-4915-4BCA-90BD-A0EEA12EB8BA} = {7723FFB0-3687-4086-BF7E-A3E598226735}
		{B8CF37A6-8D6E-4BCE-9BF2-E6CE489A5B7D} = {4ECC5C7F-4710-49AB-8597-646B9A80569B}
		{BB54C252-0A86-433D-A600-04E14E8AA58F} = {4ECC5C7F-4710-49AB-8597-646B9A80569B}
		{0830BD18-A294-49CB-A2DD-2D535B34DCDB} = {7723FFB0-3687-4086-BF7E-A3E598226735}
		{3807289A-A2F7-4921-B22F-25C6D50D84C0} = {2664C9ED-83A7-4B68-8AD3-9A0D8B7F8E06}
		{AAADE26A-980F-4A98-B361-4D58FF4B6BC9} = {2664C9ED-83A7-4B68-8AD3-9A0D8B7F8E06}
		{AF1C67E6-1DC9-4D15-967F-E339B38793D2} = {38511200-CF6B-47CA-B5BB-A06F27869A3F}
	EndGlobalSection
	GlobalSection(ExtensibilityGlobals) = postSolution
		SolutionGuid = {8C0BCD4F-589E-4CC9-9C8C-6C7B19590851}
	EndGlobalSection
EndGlobal
