
Microsoft Visual Studio Solution File, Format Version 12.00
# Visual Studio Version 16
VisualStudioVersion = 16.0.30104.148
MinimumVisualStudioVersion = 10.0.40219.1
Project("{FAE04EC0-301F-11D3-BF4B-00C04F79EFBC}") = "OutputLib", "UniversalOutput\OutputLib.csproj", "{7F8E8B26-602A-4FF3-8B6B-3B03891E7D6F}"
EndProject
Project("{FAE04EC0-301F-11D3-BF4B-00C04F79EFBC}") = "3.3.1_SuperArray", "3.3.1_SuperArray\3.3.1_SuperArray.csproj", "{26711249-DD15-4370-A8C6-EC158FB6F094}"
EndProject
Project("{FAE04EC0-301F-11D3-BF4B-00C04F79EFBC}") = "3.3.3_PizzaTime", "3.3.3_PizzaTime\3.3.3_PizzaTime.csproj", "{A0670B35-4FC6-46A9-9B58-D0EFDD7BD2EE}"
EndProject
Project("{FAE04EC0-301F-11D3-BF4B-00C04F79EFBC}") = "3.3.2_SuperString", "3.3.2_SuperString\3.3.2_SuperString.csproj", "{E6AF6A70-532B-4D1D-AE5D-0CB3E4674748}"
EndProject
Project("{FAE04EC0-301F-11D3-BF4B-00C04F79EFBC}") = "3.3.1_3.3.2_Demonstration", "3.3.1_3.3.2_Demonstration\3.3.1_3.3.2_Demonstration.csproj", "{B980F603-1BA4-4798-A9AE-5C91AA7A126F}"
EndProject
Global
	GlobalSection(SolutionConfigurationPlatforms) = preSolution
		Debug|Any CPU = Debug|Any CPU
		Release|Any CPU = Release|Any CPU
	EndGlobalSection
	GlobalSection(ProjectConfigurationPlatforms) = postSolution
		{7F8E8B26-602A-4FF3-8B6B-3B03891E7D6F}.Debug|Any CPU.ActiveCfg = Debug|Any CPU
		{7F8E8B26-602A-4FF3-8B6B-3B03891E7D6F}.Debug|Any CPU.Build.0 = Debug|Any CPU
		{7F8E8B26-602A-4FF3-8B6B-3B03891E7D6F}.Release|Any CPU.ActiveCfg = Release|Any CPU
		{7F8E8B26-602A-4FF3-8B6B-3B03891E7D6F}.Release|Any CPU.Build.0 = Release|Any CPU
		{26711249-DD15-4370-A8C6-EC158FB6F094}.Debug|Any CPU.ActiveCfg = Debug|Any CPU
		{26711249-DD15-4370-A8C6-EC158FB6F094}.Debug|Any CPU.Build.0 = Debug|Any CPU
		{26711249-DD15-4370-A8C6-EC158FB6F094}.Release|Any CPU.ActiveCfg = Release|Any CPU
		{26711249-DD15-4370-A8C6-EC158FB6F094}.Release|Any CPU.Build.0 = Release|Any CPU
		{A0670B35-4FC6-46A9-9B58-D0EFDD7BD2EE}.Debug|Any CPU.ActiveCfg = Debug|Any CPU
		{A0670B35-4FC6-46A9-9B58-D0EFDD7BD2EE}.Debug|Any CPU.Build.0 = Debug|Any CPU
		{A0670B35-4FC6-46A9-9B58-D0EFDD7BD2EE}.Release|Any CPU.ActiveCfg = Release|Any CPU
		{A0670B35-4FC6-46A9-9B58-D0EFDD7BD2EE}.Release|Any CPU.Build.0 = Release|Any CPU
		{E6AF6A70-532B-4D1D-AE5D-0CB3E4674748}.Debug|Any CPU.ActiveCfg = Debug|Any CPU
		{E6AF6A70-532B-4D1D-AE5D-0CB3E4674748}.Debug|Any CPU.Build.0 = Debug|Any CPU
		{E6AF6A70-532B-4D1D-AE5D-0CB3E4674748}.Release|Any CPU.ActiveCfg = Release|Any CPU
		{E6AF6A70-532B-4D1D-AE5D-0CB3E4674748}.Release|Any CPU.Build.0 = Release|Any CPU
		{B980F603-1BA4-4798-A9AE-5C91AA7A126F}.Debug|Any CPU.ActiveCfg = Debug|Any CPU
		{B980F603-1BA4-4798-A9AE-5C91AA7A126F}.Debug|Any CPU.Build.0 = Debug|Any CPU
		{B980F603-1BA4-4798-A9AE-5C91AA7A126F}.Release|Any CPU.ActiveCfg = Release|Any CPU
		{B980F603-1BA4-4798-A9AE-5C91AA7A126F}.Release|Any CPU.Build.0 = Release|Any CPU
	EndGlobalSection
	GlobalSection(SolutionProperties) = preSolution
		HideSolutionNode = FALSE
	EndGlobalSection
	GlobalSection(ExtensibilityGlobals) = postSolution
		SolutionGuid = {BA33B013-3730-4056-BA0E-FA982B1BC163}
	EndGlobalSection
EndGlobal
